
Microsoft Visual Studio Solution File, Format Version 12.00
# Visual Studio 15
VisualStudioVersion = 15.0.27130.2027
MinimumVisualStudioVersion = 10.0.40219.1
Project("{FAE04EC0-301F-11D3-BF4B-00C04F79EFBC}") = "FrameworkTest", "FrameworkTest\FrameworkTest.csproj", "{D7FB0712-13F6-4570-939B-53D155DE1545}"
EndProject
Global
	GlobalSection(SolutionConfigurationPlatforms) = preSolution
		Debug|Any CPU = Debug|Any CPU
		Release|Any CPU = Release|Any CPU
	EndGlobalSection
	GlobalSection(ProjectConfigurationPlatforms) = postSolution
		{D7FB0712-13F6-4570-939B-53D155DE1545}.Debug|Any CPU.ActiveCfg = Debug|Any CPU
		{D7FB0712-13F6-4570-939B-53D155DE1545}.Debug|Any CPU.Build.0 = Debug|Any CPU
		{D7FB0712-13F6-4570-939B-53D155DE1545}.Release|Any CPU.ActiveCfg = Release|Any CPU
		{D7FB0712-13F6-4570-939B-53D155DE1545}.Release|Any CPU.Build.0 = Release|Any CPU
	EndGlobalSection
	GlobalSection(SolutionProperties) = preSolution
		HideSolutionNode = FALSE
	EndGlobalSection
	GlobalSection(ExtensibilityGlobals) = postSolution
		SolutionGuid = {739DFE7F-3672-4EAE-9E97-C9D31BE31234}
	EndGlobalSection
EndGlobal
